
Microsoft Visual Studio Solution File, Format Version 12.00
# Visual Studio 2017
Project("{FAE04EC0-301F-11D3-BF4B-00C04F79EFBC}") = "UnityLeapMotion", "UnityLeapMotion.csproj", "{9A84257B-F047-EC21-E407-8C5CA158346D}"
EndProject
Project("{FAE04EC0-301F-11D3-BF4B-00C04F79EFBC}") = "UnityLeapMotion.Editor", "UnityLeapMotion.Editor.csproj", "{4555A84D-BA99-52A6-ABF4-4576A9F37587}"
EndProject
Global
	GlobalSection(SolutionConfigurationPlatforms) = preSolution
		Debug|Any CPU = Debug|Any CPU
		Release|Any CPU = Release|Any CPU
	EndGlobalSection
	GlobalSection(ProjectConfigurationPlatforms) = postSolution
		{9A84257B-F047-EC21-E407-8C5CA158346D}.Debug|Any CPU.ActiveCfg = Debug|Any CPU
		{9A84257B-F047-EC21-E407-8C5CA158346D}.Debug|Any CPU.Build.0 = Debug|Any CPU
		{9A84257B-F047-EC21-E407-8C5CA158346D}.Release|Any CPU.ActiveCfg = Release|Any CPU
		{9A84257B-F047-EC21-E407-8C5CA158346D}.Release|Any CPU.Build.0 = Release|Any CPU
		{4555A84D-BA99-52A6-ABF4-4576A9F37587}.Debug|Any CPU.ActiveCfg = Debug|Any CPU
		{4555A84D-BA99-52A6-ABF4-4576A9F37587}.Debug|Any CPU.Build.0 = Debug|Any CPU
		{4555A84D-BA99-52A6-ABF4-4576A9F37587}.Release|Any CPU.ActiveCfg = Release|Any CPU
		{4555A84D-BA99-52A6-ABF4-4576A9F37587}.Release|Any CPU.Build.0 = Release|Any CPU
	EndGlobalSection
	GlobalSection(SolutionProperties) = preSolution
		HideSolutionNode = FALSE
	EndGlobalSection
EndGlobal
